
Microsoft Visual Studio Solution File, Format Version 12.00
# Visual Studio Version 17
VisualStudioVersion = 17.0.32112.339
MinimumVisualStudioVersion = 10.0.40219.1
Project("{9A19103F-16F7-4668-BE54-9A1E7A4F7556}") = "CompanyEmployees", "CompanyEmployees.csproj", "{FE52BBD0-7A1C-4C29-9BB1-E36118F0C8C9}"
EndProject
Project("{9A19103F-16F7-4668-BE54-9A1E7A4F7556}") = "Contracts", "..\Contracts\Contracts.csproj", "{2DD00A41-29EE-48BB-964D-FA087891C0FF}"
EndProject
Project("{9A19103F-16F7-4668-BE54-9A1E7A4F7556}") = "LoggerService", "..\LoggerService\LoggerService.csproj", "{A9110135-27A8-4CE7-8BBF-C091719C61DB}"
EndProject
Project("{9A19103F-16F7-4668-BE54-9A1E7A4F7556}") = "Entities", "..\Entities\Entities.csproj", "{34712F67-0E3F-4AA6-BC2A-9A4587E73B4D}"
EndProject
Project("{FAE04EC0-301F-11D3-BF4B-00C04F79EFBC}") = "Repository", "..\Repository\Repository.csproj", "{0ACAF502-6E8F-4820-9DC0-F028C6E8C924}"
EndProject
Global
	GlobalSection(SolutionConfigurationPlatforms) = preSolution
		Debug|Any CPU = Debug|Any CPU
		Release|Any CPU = Release|Any CPU
	EndGlobalSection
	GlobalSection(ProjectConfigurationPlatforms) = postSolution
		{FE52BBD0-7A1C-4C29-9BB1-E36118F0C8C9}.Debug|Any CPU.ActiveCfg = Debug|Any CPU
		{FE52BBD0-7A1C-4C29-9BB1-E36118F0C8C9}.Debug|Any CPU.Build.0 = Debug|Any CPU
		{FE52BBD0-7A1C-4C29-9BB1-E36118F0C8C9}.Release|Any CPU.ActiveCfg = Release|Any CPU
		{FE52BBD0-7A1C-4C29-9BB1-E36118F0C8C9}.Release|Any CPU.Build.0 = Release|Any CPU
		{2DD00A41-29EE-48BB-964D-FA087891C0FF}.Debug|Any CPU.ActiveCfg = Debug|Any CPU
		{2DD00A41-29EE-48BB-964D-FA087891C0FF}.Debug|Any CPU.Build.0 = Debug|Any CPU
		{2DD00A41-29EE-48BB-964D-FA087891C0FF}.Release|Any CPU.ActiveCfg = Release|Any CPU
		{2DD00A41-29EE-48BB-964D-FA087891C0FF}.Release|Any CPU.Build.0 = Release|Any CPU
		{A9110135-27A8-4CE7-8BBF-C091719C61DB}.Debug|Any CPU.ActiveCfg = Debug|Any CPU
		{A9110135-27A8-4CE7-8BBF-C091719C61DB}.Debug|Any CPU.Build.0 = Debug|Any CPU
		{A9110135-27A8-4CE7-8BBF-C091719C61DB}.Release|Any CPU.ActiveCfg = Release|Any CPU
		{A9110135-27A8-4CE7-8BBF-C091719C61DB}.Release|Any CPU.Build.0 = Release|Any CPU
		{34712F67-0E3F-4AA6-BC2A-9A4587E73B4D}.Debug|Any CPU.ActiveCfg = Debug|Any CPU
		{34712F67-0E3F-4AA6-BC2A-9A4587E73B4D}.Debug|Any CPU.Build.0 = Debug|Any CPU
		{34712F67-0E3F-4AA6-BC2A-9A4587E73B4D}.Release|Any CPU.ActiveCfg = Release|Any CPU
		{34712F67-0E3F-4AA6-BC2A-9A4587E73B4D}.Release|Any CPU.Build.0 = Release|Any CPU
		{0ACAF502-6E8F-4820-9DC0-F028C6E8C924}.Debug|Any CPU.ActiveCfg = Debug|Any CPU
		{0ACAF502-6E8F-4820-9DC0-F028C6E8C924}.Debug|Any CPU.Build.0 = Debug|Any CPU
		{0ACAF502-6E8F-4820-9DC0-F028C6E8C924}.Release|Any CPU.ActiveCfg = Release|Any CPU
		{0ACAF502-6E8F-4820-9DC0-F028C6E8C924}.Release|Any CPU.Build.0 = Release|Any CPU
	EndGlobalSection
	GlobalSection(SolutionProperties) = preSolution
		HideSolutionNode = FALSE
	EndGlobalSection
	GlobalSection(ExtensibilityGlobals) = postSolution
		SolutionGuid = {A9D04A70-02C1-4501-93CD-2B8738C0C5CC}
	EndGlobalSection
EndGlobal
